
Microsoft Visual Studio Solution File, Format Version 12.00
# Visual Studio Version 16
VisualStudioVersion = 16.0.31729.503
MinimumVisualStudioVersion = 10.0.40219.1
Project("{FAE04EC0-301F-11D3-BF4B-00C04F79EFBC}") = "hw2-uni_tests_Hiker", "hw2-uni_tests_Hiker\hw2-uni_tests_Hiker.csproj", "{4CDBBFAF-AA62-4C38-BD2E-AFA391D2BE07}"
EndProject
Project("{FAE04EC0-301F-11D3-BF4B-00C04F79EFBC}") = "hw2-uni_tests_Hiker_test", "hw2-uni_tests_Hiker_test\hw2-uni_tests_Hiker_test.csproj", "{51B3C737-C112-436D-9CF8-BE548C794FA9}"
EndProject
Global
	GlobalSection(SolutionConfigurationPlatforms) = preSolution
		Debug|Any CPU = Debug|Any CPU
		Release|Any CPU = Release|Any CPU
	EndGlobalSection
	GlobalSection(ProjectConfigurationPlatforms) = postSolution
		{4CDBBFAF-AA62-4C38-BD2E-AFA391D2BE07}.Debug|Any CPU.ActiveCfg = Debug|Any CPU
		{4CDBBFAF-AA62-4C38-BD2E-AFA391D2BE07}.Debug|Any CPU.Build.0 = Debug|Any CPU
		{4CDBBFAF-AA62-4C38-BD2E-AFA391D2BE07}.Release|Any CPU.ActiveCfg = Release|Any CPU
		{4CDBBFAF-AA62-4C38-BD2E-AFA391D2BE07}.Release|Any CPU.Build.0 = Release|Any CPU
		{51B3C737-C112-436D-9CF8-BE548C794FA9}.Debug|Any CPU.ActiveCfg = Debug|Any CPU
		{51B3C737-C112-436D-9CF8-BE548C794FA9}.Debug|Any CPU.Build.0 = Debug|Any CPU
		{51B3C737-C112-436D-9CF8-BE548C794FA9}.Release|Any CPU.ActiveCfg = Release|Any CPU
		{51B3C737-C112-436D-9CF8-BE548C794FA9}.Release|Any CPU.Build.0 = Release|Any CPU
	EndGlobalSection
	GlobalSection(SolutionProperties) = preSolution
		HideSolutionNode = FALSE
	EndGlobalSection
	GlobalSection(ExtensibilityGlobals) = postSolution
		SolutionGuid = {2260239A-172C-43AA-A56D-3699379C330F}
	EndGlobalSection
EndGlobal
